{
    "_meta": {
        "hash": {
            "sha256": "4fb0fc6788a2e602472906f6beb6c25f0c260994f8c5c6252302521ba349253b"
        },
        "host-environment-markers": {
            "implementation_name": "cpython",
            "implementation_version": "3.7.4",
            "os_name": "posix",
            "platform_machine": "x86_64",
            "platform_python_implementation": "CPython",
            "platform_release": "5.3.0-gentoo-x86_64",
            "platform_system": "Linux",
            "platform_version": "#1 SMP Sat Sep 21 08:38:40 CST 2019",
            "python_full_version": "3.7.4",
            "python_version": "3.7",
            "sys_platform": "linux"
        },
        "pipfile-spec": 6,
        "requires": {
            "python_version": "3.7"
        },
        "sources": [
            {
                "name": "pypi",
                "url": "https://pypi.org/simple",
                "verify_ssl": true
            }
        ]
    },
    "default": {
        "asn1crypto": {
            "hashes": [],
            "version": "==0.24.0"
        },
        "certifi": {
            "hashes": [],
            "version": "==2019.9.11"
        },
        "cffi": {
            "hashes": [],
            "version": "==1.12.3"
        },
        "chardet": {
            "hashes": [],
            "version": "==3.0.4"
        },
        "cryptography": {
            "hashes": [],
            "version": "==2.7"
        },
        "future": {
            "hashes": [],
            "version": "==0.17.1"
        },
        "geojson": {
            "hashes": [],
            "version": "==2.5.0"
        },
        "idna": {
            "hashes": [],
            "version": "==2.8"
        },
        "pycparser": {
            "hashes": [],
            "version": "==2.19"
        },
        "pyowm": {
            "hashes": [],
            "version": "==2.10.0"
        },
        "python-telegram-bot": {
            "hashes": [],
            "version": "==12.1.1"
        },
        "requests": {
            "hashes": [],
            "version": "==2.22.0"
        },
        "six": {
            "hashes": [],
            "version": "==1.12.0"
        },
        "tornado": {
            "hashes": [],
            "version": "==6.0.3"
        },
        "urllib3": {
            "hashes": [],
            "version": "==1.25.6"
        }
    },
    "develop": {}
}
